
Microsoft Visual Studio Solution File, Format Version 12.00
# Visual Studio 2013
VisualStudioVersion = 12.0.21005.1
MinimumVisualStudioVersion = 10.0.40219.1
Project("{FAE04EC0-301F-11D3-BF4B-00C04F79EFBC}") = "MossbauerLab.UnivemMsAggr.Core", "MossbauerLab.UnivemMsAggr.Core\MossbauerLab.UnivemMsAggr.Core.csproj", "{D15859C0-9DA6-4FA0-857F-F2242A080AD4}"
EndProject
Project("{FAE04EC0-301F-11D3-BF4B-00C04F79EFBC}") = "MossbauerLab.UnivemMsAggr.Core.Tests", "MossbauerLab.UnivemMsAggr.Core.Tests\MossbauerLab.UnivemMsAggr.Core.Tests.csproj", "{436AD982-2AD1-44DD-BA80-3EF51F673CDE}"
EndProject
Project("{FAE04EC0-301F-11D3-BF4B-00C04F79EFBC}") = "MossbauerLab.UnivemMsAggr.GUI", "MossbauerLab.UnivemMsAggr.GUI\MossbauerLab.UnivemMsAggr.GUI.csproj", "{111E7906-F46E-4FCF-A5C0-1C9E3C4AF356}"
EndProject
Global
	GlobalSection(SolutionConfigurationPlatforms) = preSolution
		Debug|Any CPU = Debug|Any CPU
		Release|Any CPU = Release|Any CPU
	EndGlobalSection
	GlobalSection(ProjectConfigurationPlatforms) = postSolution
		{D15859C0-9DA6-4FA0-857F-F2242A080AD4}.Debug|Any CPU.ActiveCfg = Debug|Any CPU
		{D15859C0-9DA6-4FA0-857F-F2242A080AD4}.Debug|Any CPU.Build.0 = Debug|Any CPU
		{D15859C0-9DA6-4FA0-857F-F2242A080AD4}.Release|Any CPU.ActiveCfg = Release|Any CPU
		{D15859C0-9DA6-4FA0-857F-F2242A080AD4}.Release|Any CPU.Build.0 = Release|Any CPU
		{436AD982-2AD1-44DD-BA80-3EF51F673CDE}.Debug|Any CPU.ActiveCfg = Debug|Any CPU
		{436AD982-2AD1-44DD-BA80-3EF51F673CDE}.Debug|Any CPU.Build.0 = Debug|Any CPU
		{436AD982-2AD1-44DD-BA80-3EF51F673CDE}.Release|Any CPU.ActiveCfg = Release|Any CPU
		{436AD982-2AD1-44DD-BA80-3EF51F673CDE}.Release|Any CPU.Build.0 = Release|Any CPU
		{111E7906-F46E-4FCF-A5C0-1C9E3C4AF356}.Debug|Any CPU.ActiveCfg = Debug|Any CPU
		{111E7906-F46E-4FCF-A5C0-1C9E3C4AF356}.Debug|Any CPU.Build.0 = Debug|Any CPU
		{111E7906-F46E-4FCF-A5C0-1C9E3C4AF356}.Release|Any CPU.ActiveCfg = Release|Any CPU
		{111E7906-F46E-4FCF-A5C0-1C9E3C4AF356}.Release|Any CPU.Build.0 = Release|Any CPU
	EndGlobalSection
	GlobalSection(SolutionProperties) = preSolution
		HideSolutionNode = FALSE
	EndGlobalSection
EndGlobal
